
Microsoft Visual Studio Solution File, Format Version 11.00
# Visual Studio 2010
Project("{FAE04EC0-301F-11D3-BF4B-00C04F79EFBC}") = "NewsService01", "NewsService01\NewsService01.csproj", "{32835A72-77F0-41D6-8C0B-FD17C4F6EE5B}"
EndProject
Global
	GlobalSection(SolutionConfigurationPlatforms) = preSolution
		Debug|Any CPU = Debug|Any CPU
		Release|Any CPU = Release|Any CPU
	EndGlobalSection
	GlobalSection(ProjectConfigurationPlatforms) = postSolution
		{32835A72-77F0-41D6-8C0B-FD17C4F6EE5B}.Debug|Any CPU.ActiveCfg = Debug|Any CPU
		{32835A72-77F0-41D6-8C0B-FD17C4F6EE5B}.Debug|Any CPU.Build.0 = Debug|Any CPU
		{32835A72-77F0-41D6-8C0B-FD17C4F6EE5B}.Release|Any CPU.ActiveCfg = Release|Any CPU
		{32835A72-77F0-41D6-8C0B-FD17C4F6EE5B}.Release|Any CPU.Build.0 = Release|Any CPU
	EndGlobalSection
	GlobalSection(SolutionProperties) = preSolution
		HideSolutionNode = FALSE
	EndGlobalSection
EndGlobal
